
Microsoft Visual Studio Solution File, Format Version 12.00
# Visual Studio Version 16
VisualStudioVersion = 16.0.31613.86
MinimumVisualStudioVersion = 10.0.40219.1
Project("{FAE04EC0-301F-11D3-BF4B-00C04F79EFBC}") = "PasswordGenerator", "PasswordGenerator\PasswordGenerator.csproj", "{DE83199E-9D3A-4C40-9D46-D097908D3536}"
EndProject
Project("{FAE04EC0-301F-11D3-BF4B-00C04F79EFBC}") = "PasswordGenTests", "PasswordGenTests\PasswordGenTests.csproj", "{C38795AB-8DF5-41E2-A776-8F9077316002}"
EndProject
Project("{FAE04EC0-301F-11D3-BF4B-00C04F79EFBC}") = "PasswordGenLib", "PasswordGenLib\PasswordGenLib.csproj", "{869A0E48-248F-4C7E-806B-E01ECB0969A1}"
EndProject
Global
	GlobalSection(SolutionConfigurationPlatforms) = preSolution
		Debug|Any CPU = Debug|Any CPU
		Release|Any CPU = Release|Any CPU
	EndGlobalSection
	GlobalSection(ProjectConfigurationPlatforms) = postSolution
		{DE83199E-9D3A-4C40-9D46-D097908D3536}.Debug|Any CPU.ActiveCfg = Debug|Any CPU
		{DE83199E-9D3A-4C40-9D46-D097908D3536}.Debug|Any CPU.Build.0 = Debug|Any CPU
		{DE83199E-9D3A-4C40-9D46-D097908D3536}.Release|Any CPU.ActiveCfg = Release|Any CPU
		{DE83199E-9D3A-4C40-9D46-D097908D3536}.Release|Any CPU.Build.0 = Release|Any CPU
		{C38795AB-8DF5-41E2-A776-8F9077316002}.Debug|Any CPU.ActiveCfg = Debug|Any CPU
		{C38795AB-8DF5-41E2-A776-8F9077316002}.Debug|Any CPU.Build.0 = Debug|Any CPU
		{C38795AB-8DF5-41E2-A776-8F9077316002}.Release|Any CPU.ActiveCfg = Release|Any CPU
		{C38795AB-8DF5-41E2-A776-8F9077316002}.Release|Any CPU.Build.0 = Release|Any CPU
		{869A0E48-248F-4C7E-806B-E01ECB0969A1}.Debug|Any CPU.ActiveCfg = Debug|Any CPU
		{869A0E48-248F-4C7E-806B-E01ECB0969A1}.Debug|Any CPU.Build.0 = Debug|Any CPU
		{869A0E48-248F-4C7E-806B-E01ECB0969A1}.Release|Any CPU.ActiveCfg = Release|Any CPU
		{869A0E48-248F-4C7E-806B-E01ECB0969A1}.Release|Any CPU.Build.0 = Release|Any CPU
	EndGlobalSection
	GlobalSection(SolutionProperties) = preSolution
		HideSolutionNode = FALSE
	EndGlobalSection
	GlobalSection(ExtensibilityGlobals) = postSolution
		SolutionGuid = {1DD3629C-B08C-460E-B1E2-2C6AFDD1C46E}
	EndGlobalSection
EndGlobal
